// !$*UTF8*$!
{
	archiveVersion = 1;
	classes = {
	};
	objectVersion = 50;
	objects = {

/* Begin PBXBuildFile section */
		6D059A58804AB34676BA52F9 /* Pods_Duit.framework in Frameworks */ = {isa = PBXBuildFile; fileRef = 06759AEF748B0F72DA3A2F93 /* Pods_Duit.framework */; };
		A73ED55A224840BF007CD69E /* DataModel.xcdatamodeld in Sources */ = {isa = PBXBuildFile; fileRef = A73ED558224840BF007CD69E /* DataModel.xcdatamodeld */; };
		A743CB9D223C244300CA88BD /* AppDelegate.swift in Sources */ = {isa = PBXBuildFile; fileRef = A743CB9C223C244300CA88BD /* AppDelegate.swift */; };
		A743CB9F223C244300CA88BD /* DuitViewController.swift in Sources */ = {isa = PBXBuildFile; fileRef = A743CB9E223C244300CA88BD /* DuitViewController.swift */; };
		A743CBA2223C244300CA88BD /* Main.storyboard in Resources */ = {isa = PBXBuildFile; fileRef = A743CBA0223C244300CA88BD /* Main.storyboard */; };
		A743CBA4223C244400CA88BD /* Assets.xcassets in Resources */ = {isa = PBXBuildFile; fileRef = A743CBA3223C244400CA88BD /* Assets.xcassets */; };
		A743CBA7223C244400CA88BD /* LaunchScreen.storyboard in Resources */ = {isa = PBXBuildFile; fileRef = A743CBA5223C244400CA88BD /* LaunchScreen.storyboard */; };
		A76192AD2248584C00F24D75 /* CategoryViewController.swift in Sources */ = {isa = PBXBuildFile; fileRef = A76192AC2248584C00F24D75 /* CategoryViewController.swift */; };
/* End PBXBuildFile section */

/* Begin PBXFileReference section */
		0349CE352C744AB7821DC89C /* Pods-Duit.debug.xcconfig */ = {isa = PBXFileReference; includeInIndex = 1; lastKnownFileType = text.xcconfig; name = "Pods-Duit.debug.xcconfig"; path = "Target Support Files/Pods-Duit/Pods-Duit.debug.xcconfig"; sourceTree = "<group>"; };
		06759AEF748B0F72DA3A2F93 /* Pods_Duit.framework */ = {isa = PBXFileReference; explicitFileType = wrapper.framework; includeInIndex = 0; path = Pods_Duit.framework; sourceTree = BUILT_PRODUCTS_DIR; };
		A73ED559224840BF007CD69E /* DataModel.xcdatamodel */ = {isa = PBXFileReference; lastKnownFileType = wrapper.xcdatamodel; path = DataModel.xcdatamodel; sourceTree = "<group>"; };
		A743CB99223C244300CA88BD /* Duit.app */ = {isa = PBXFileReference; explicitFileType = wrapper.application; includeInIndex = 0; path = Duit.app; sourceTree = BUILT_PRODUCTS_DIR; };
		A743CB9C223C244300CA88BD /* AppDelegate.swift */ = {isa = PBXFileReference; lastKnownFileType = sourcecode.swift; path = AppDelegate.swift; sourceTree = "<group>"; };
		A743CB9E223C244300CA88BD /* DuitViewController.swift */ = {isa = PBXFileReference; lastKnownFileType = sourcecode.swift; path = DuitViewController.swift; sourceTree = "<group>"; };
		A743CBA1223C244300CA88BD /* Base */ = {isa = PBXFileReference; lastKnownFileType = file.storyboard; name = Base; path = Base.lproj/Main.storyboard; sourceTree = "<group>"; };
		A743CBA3223C244400CA88BD /* Assets.xcassets */ = {isa = PBXFileReference; lastKnownFileType = folder.assetcatalog; path = Assets.xcassets; sourceTree = "<group>"; };
		A743CBA6223C244400CA88BD /* Base */ = {isa = PBXFileReference; lastKnownFileType = file.storyboard; name = Base; path = Base.lproj/LaunchScreen.storyboard; sourceTree = "<group>"; };
		A743CBA8223C244400CA88BD /* Info.plist */ = {isa = PBXFileReference; lastKnownFileType = text.plist.xml; path = Info.plist; sourceTree = "<group>"; };
		A76192AC2248584C00F24D75 /* CategoryViewController.swift */ = {isa = PBXFileReference; lastKnownFileType = sourcecode.swift; path = CategoryViewController.swift; sourceTree = "<group>"; };
		AFF609586E35091486DE6327 /* Pods-Duit.release.xcconfig */ = {isa = PBXFileReference; includeInIndex = 1; lastKnownFileType = text.xcconfig; name = "Pods-Duit.release.xcconfig"; path = "Target Support Files/Pods-Duit/Pods-Duit.release.xcconfig"; sourceTree = "<group>"; };
/* End PBXFileReference section */

/* Begin PBXFrameworksBuildPhase section */
		A743CB96223C244300CA88BD /* Frameworks */ = {
			isa = PBXFrameworksBuildPhase;
			buildActionMask = 2147483647;
			files = (
				6D059A58804AB34676BA52F9 /* Pods_Duit.framework in Frameworks */,
			);
			runOnlyForDeploymentPostprocessing = 0;
		};
/* End PBXFrameworksBuildPhase section */

/* Begin PBXGroup section */
		0037742DE30488C4F97B3467 /* Frameworks */ = {
			isa = PBXGroup;
			children = (
				06759AEF748B0F72DA3A2F93 /* Pods_Duit.framework */,
			);
			name = Frameworks;
			sourceTree = "<group>";
		};
		A73ED554224577AA007CD69E /* Data Model */ = {
			isa = PBXGroup;
			children = (
				A73ED558224840BF007CD69E /* DataModel.xcdatamodeld */,
			);
			path = "Data Model";
			sourceTree = "<group>";
		};
		A73ED555224577CB007CD69E /* Controllers */ = {
			isa = PBXGroup;
			children = (
				A76192AC2248584C00F24D75 /* CategoryViewController.swift */,
				A743CB9E223C244300CA88BD /* DuitViewController.swift */,
			);
			path = Controllers;
			sourceTree = "<group>";
		};
		A73ED556224577E9007CD69E /* Views */ = {
			isa = PBXGroup;
			children = (
				A743CBA0223C244300CA88BD /* Main.storyboard */,
			);
			path = Views;
			sourceTree = "<group>";
		};
		A73ED55722457811007CD69E /* Supporting Files */ = {
			isa = PBXGroup;
			children = (
				A743CBA3223C244400CA88BD /* Assets.xcassets */,
				A743CBA5223C244400CA88BD /* LaunchScreen.storyboard */,
			);
			path = "Supporting Files";
			sourceTree = "<group>";
		};
		A743CB90223C244300CA88BD = {
			isa = PBXGroup;
			children = (
				A743CB9B223C244300CA88BD /* Duit */,
				A743CB9A223C244300CA88BD /* Products */,
				AFC7300600490BE4FF173753 /* Pods */,
				0037742DE30488C4F97B3467 /* Frameworks */,
			);
			sourceTree = "<group>";
		};
		A743CB9A223C244300CA88BD /* Products */ = {
			isa = PBXGroup;
			children = (
				A743CB99223C244300CA88BD /* Duit.app */,
			);
			name = Products;
			sourceTree = "<group>";
		};
		A743CB9B223C244300CA88BD /* Duit */ = {
			isa = PBXGroup;
			children = (
				A743CB9C223C244300CA88BD /* AppDelegate.swift */,
				A73ED554224577AA007CD69E /* Data Model */,
				A73ED555224577CB007CD69E /* Controllers */,
				A73ED556224577E9007CD69E /* Views */,
				A73ED55722457811007CD69E /* Supporting Files */,
				A743CBA8223C244400CA88BD /* Info.plist */,
			);
			path = Duit;
			sourceTree = "<group>";
		};
		AFC7300600490BE4FF173753 /* Pods */ = {
			isa = PBXGroup;
			children = (
				0349CE352C744AB7821DC89C /* Pods-Duit.debug.xcconfig */,
				AFF609586E35091486DE6327 /* Pods-Duit.release.xcconfig */,
			);
			name = Pods;
			path = Pods;
			sourceTree = "<group>";
		};
/* End PBXGroup section */

/* Begin PBXNativeTarget section */
		A743CB98223C244300CA88BD /* Duit */ = {
			isa = PBXNativeTarget;
			buildConfigurationList = A743CBAB223C244400CA88BD /* Build configuration list for PBXNativeTarget "Duit" */;
			buildPhases = (
				DE6F1B21ABF94345838611E6 /* [CP] Check Pods Manifest.lock */,
				A743CB95223C244300CA88BD /* Sources */,
				A743CB96223C244300CA88BD /* Frameworks */,
				A743CB97223C244300CA88BD /* Resources */,
				AAF2E377545E5C663D522240 /* [CP] Embed Pods Frameworks */,
			);
			buildRules = (
			);
			dependencies = (
			);
			name = Duit;
			productName = Duit;
			productReference = A743CB99223C244300CA88BD /* Duit.app */;
			productType = "com.apple.product-type.application";
		};
/* End PBXNativeTarget section */

/* Begin PBXProject section */
		A743CB91223C244300CA88BD /* Project object */ = {
			isa = PBXProject;
			attributes = {
				LastSwiftUpdateCheck = 1010;
				LastUpgradeCheck = 1010;
				ORGANIZATIONNAME = "Leonardo Grinn";
				TargetAttributes = {
					A743CB98223C244300CA88BD = {
						CreatedOnToolsVersion = 10.1;
					};
				};
			};
			buildConfigurationList = A743CB94223C244300CA88BD /* Build configuration list for PBXProject "Duit" */;
			compatibilityVersion = "Xcode 9.3";
			developmentRegion = en;
			hasScannedForEncodings = 0;
			knownRegions = (
				en,
				Base,
			);
			mainGroup = A743CB90223C244300CA88BD;
			productRefGroup = A743CB9A223C244300CA88BD /* Products */;
			projectDirPath = "";
			projectRoot = "";
			targets = (
				A743CB98223C244300CA88BD /* Duit */,
			);
		};
/* End PBXProject section */

/* Begin PBXResourcesBuildPhase section */
		A743CB97223C244300CA88BD /* Resources */ = {
			isa = PBXResourcesBuildPhase;
			buildActionMask = 2147483647;
			files = (
				A743CBA7223C244400CA88BD /* LaunchScreen.storyboard in Resources */,
				A743CBA4223C244400CA88BD /* Assets.xcassets in Resources */,
				A743CBA2223C244300CA88BD /* Main.storyboard in Resources */,
			);
			runOnlyForDeploymentPostprocessing = 0;
		};
/* End PBXResourcesBuildPhase section */

/* Begin PBXShellScriptBuildPhase section */
		AAF2E377545E5C663D522240 /* [CP] Embed Pods Frameworks */ = {
			isa = PBXShellScriptBuildPhase;
			buildActionMask = 2147483647;
			files = (
			);
			inputFileListPaths = (
			);
			inputPaths = (
				"${PODS_ROOT}/Target Support Files/Pods-Duit/Pods-Duit-frameworks.sh",
				"${BUILT_PRODUCTS_DIR}/Realm/Realm.framework",
				"${BUILT_PRODUCTS_DIR}/RealmSwift/RealmSwift.framework",
			);
			name = "[CP] Embed Pods Frameworks";
			outputFileListPaths = (
			);
			outputPaths = (
				"${TARGET_BUILD_DIR}/${FRAMEWORKS_FOLDER_PATH}/Realm.framework",
				"${TARGET_BUILD_DIR}/${FRAMEWORKS_FOLDER_PATH}/RealmSwift.framework",
			);
			runOnlyForDeploymentPostprocessing = 0;
			shellPath = /bin/sh;
			shellScript = "\"${PODS_ROOT}/Target Support Files/Pods-Duit/Pods-Duit-frameworks.sh\"\n";
			showEnvVarsInLog = 0;
		};
		DE6F1B21ABF94345838611E6 /* [CP] Check Pods Manifest.lock */ = {
			isa = PBXShellScriptBuildPhase;
			buildActionMask = 2147483647;
			files = (
			);
			inputFileListPaths = (
			);
			inputPaths = (
				"${PODS_PODFILE_DIR_PATH}/Podfile.lock",
				"${PODS_ROOT}/Manifest.lock",
			);
			name = "[CP] Check Pods Manifest.lock";
			outputFileListPaths = (
			);
			outputPaths = (
				"$(DERIVED_FILE_DIR)/Pods-Duit-checkManifestLockResult.txt",
			);
			runOnlyForDeploymentPostprocessing = 0;
			shellPath = /bin/sh;
			shellScript = "diff \"${PODS_PODFILE_DIR_PATH}/Podfile.lock\" \"${PODS_ROOT}/Manifest.lock\" > /dev/null\nif [ $? != 0 ] ; then\n    # print error to STDERR\n    echo \"error: The sandbox is not in sync with the Podfile.lock. Run 'pod install' or update your CocoaPods installation.\" >&2\n    exit 1\nfi\n# This output is used by Xcode 'outputs' to avoid re-running this script phase.\necho \"SUCCESS\" > \"${SCRIPT_OUTPUT_FILE_0}\"\n";
			showEnvVarsInLog = 0;
		};
/* End PBXShellScriptBuildPhase section */

/* Begin PBXSourcesBuildPhase section */
		A743CB95223C244300CA88BD /* Sources */ = {
			isa = PBXSourcesBuildPhase;
			buildActionMask = 2147483647;
			files = (
				A76192AD2248584C00F24D75 /* CategoryViewController.swift in Sources */,
				A743CB9F223C244300CA88BD /* DuitViewController.swift in Sources */,
				A73ED55A224840BF007CD69E /* DataModel.xcdatamodeld in Sources */,
				A743CB9D223C244300CA88BD /* AppDelegate.swift in Sources */,
			);
			runOnlyForDeploymentPostprocessing = 0;
		};
/* End PBXSourcesBuildPhase section */

/* Begin PBXVariantGroup section */
		A743CBA0223C244300CA88BD /* Main.storyboard */ = {
			isa = PBXVariantGroup;
			children = (
				A743CBA1223C244300CA88BD /* Base */,
			);
			name = Main.storyboard;
			sourceTree = "<group>";
		};
		A743CBA5223C244400CA88BD /* LaunchScreen.storyboard */ = {
			isa = PBXVariantGroup;
			children = (
				A743CBA6223C244400CA88BD /* Base */,
			);
			name = LaunchScreen.storyboard;
			sourceTree = "<group>";
		};
/* End PBXVariantGroup section */

/* Begin XCBuildConfiguration section */
		A743CBA9223C244400CA88BD /* Debug */ = {
			isa = XCBuildConfiguration;
			buildSettings = {
				ALWAYS_SEARCH_USER_PATHS = NO;
				CLANG_ANALYZER_NONNULL = YES;
				CLANG_ANALYZER_NUMBER_OBJECT_CONVERSION = YES_AGGRESSIVE;
				CLANG_CXX_LANGUAGE_STANDARD = "gnu++14";
				CLANG_CXX_LIBRARY = "libc++";
				CLANG_ENABLE_MODULES = YES;
				CLANG_ENABLE_OBJC_ARC = YES;
				CLANG_ENABLE_OBJC_WEAK = YES;
				CLANG_WARN_BLOCK_CAPTURE_AUTORELEASING = YES;
				CLANG_WARN_BOOL_CONVERSION = YES;
				CLANG_WARN_COMMA = YES;
				CLANG_WARN_CONSTANT_CONVERSION = YES;
				CLANG_WARN_DEPRECATED_OBJC_IMPLEMENTATIONS = YES;
				CLANG_WARN_DIRECT_OBJC_ISA_USAGE = YES_ERROR;
				CLANG_WARN_DOCUMENTATION_COMMENTS = YES;
				CLANG_WARN_EMPTY_BODY = YES;
				CLANG_WARN_ENUM_CONVERSION = YES;
				CLANG_WARN_INFINITE_RECURSION = YES;
				CLANG_WARN_INT_CONVERSION = YES;
				CLANG_WARN_NON_LITERAL_NULL_CONVERSION = YES;
				CLANG_WARN_OBJC_IMPLICIT_RETAIN_SELF = YES;
				CLANG_WARN_OBJC_LITERAL_CONVERSION = YES;
				CLANG_WARN_OBJC_ROOT_CLASS = YES_ERROR;
				CLANG_WARN_RANGE_LOOP_ANALYSIS = YES;
				CLANG_WARN_STRICT_PROTOTYPES = YES;
				CLANG_WARN_SUSPICIOUS_MOVE = YES;
				CLANG_WARN_UNGUARDED_AVAILABILITY = YES_AGGRESSIVE;
				CLANG_WARN_UNREACHABLE_CODE = YES;
				CLANG_WARN__DUPLICATE_METHOD_MATCH = YES;
				CODE_SIGN_IDENTITY = "iPhone Developer";
				COPY_PHASE_STRIP = NO;
				DEBUG_INFORMATION_FORMAT = dwarf;
				ENABLE_STRICT_OBJC_MSGSEND = YES;
				ENABLE_TESTABILITY = YES;
				GCC_C_LANGUAGE_STANDARD = gnu11;
				GCC_DYNAMIC_NO_PIC = NO;
				GCC_NO_COMMON_BLOCKS = YES;
				GCC_OPTIMIZATION_LEVEL = 0;
				GCC_PREPROCESSOR_DEFINITIONS = (
					"DEBUG=1",
					"$(inherited)",
				);
				GCC_WARN_64_TO_32_BIT_CONVERSION = YES;
				GCC_WARN_ABOUT_RETURN_TYPE = YES_ERROR;
				GCC_WARN_UNDECLARED_SELECTOR = YES;
				GCC_WARN_UNINITIALIZED_AUTOS = YES_AGGRESSIVE;
				GCC_WARN_UNUSED_FUNCTION = YES;
				GCC_WARN_UNUSED_VARIABLE = YES;
				IPHONEOS_DEPLOYMENT_TARGET = 12.1;
				MTL_ENABLE_DEBUG_INFO = INCLUDE_SOURCE;
				MTL_FAST_MATH = YES;
				ONLY_ACTIVE_ARCH = YES;
				SDKROOT = iphoneos;
				SWIFT_ACTIVE_COMPILATION_CONDITIONS = DEBUG;
				SWIFT_OPTIMIZATION_LEVEL = "-Onone";
			};
			name = Debug;
		};
		A743CBAA223C244400CA88BD /* Release */ = {
			isa = XCBuildConfiguration;
			buildSettings = {
				ALWAYS_SEARCH_USER_PATHS = NO;
				CLANG_ANALYZER_NONNULL = YES;
				CLANG_ANALYZER_NUMBER_OBJECT_CONVERSION = YES_AGGRESSIVE;
				CLANG_CXX_LANGUAGE_STANDARD = "gnu++14";
				CLANG_CXX_LIBRARY = "libc++";
				CLANG_ENABLE_MODULES = YES;
				CLANG_ENABLE_OBJC_ARC = YES;
				CLANG_ENABLE_OBJC_WEAK = YES;
				CLANG_WARN_BLOCK_CAPTURE_AUTORELEASING = YES;
				CLANG_WARN_BOOL_CONVERSION = YES;
				CLANG_WARN_COMMA = YES;
				CLANG_WARN_CONSTANT_CONVERSION = YES;
				CLANG_WARN_DEPRECATED_OBJC_IMPLEMENTATIONS = YES;
				CLANG_WARN_DIRECT_OBJC_ISA_USAGE = YES_ERROR;
				CLANG_WARN_DOCUMENTATION_COMMENTS = YES;
				CLANG_WARN_EMPTY_BODY = YES;
				CLANG_WARN_ENUM_CONVERSION = YES;
				CLANG_WARN_INFINITE_RECURSION = YES;
				CLANG_WARN_INT_CONVERSION = YES;
				CLANG_WARN_NON_LITERAL_NULL_CONVERSION = YES;
				CLANG_WARN_OBJC_IMPLICIT_RETAIN_SELF = YES;
				CLANG_WARN_OBJC_LITERAL_CONVERSION = YES;
				CLANG_WARN_OBJC_ROOT_CLASS = YES_ERROR;
				CLANG_WARN_RANGE_LOOP_ANALYSIS = YES;
				CLANG_WARN_STRICT_PROTOTYPES = YES;
				CLANG_WARN_SUSPICIOUS_MOVE = YES;
				CLANG_WARN_UNGUARDED_AVAILABILITY = YES_AGGRESSIVE;
				CLANG_WARN_UNREACHABLE_CODE = YES;
				CLANG_WARN__DUPLICATE_METHOD_MATCH = YES;
				CODE_SIGN_IDENTITY = "iPhone Developer";
				COPY_PHASE_STRIP = NO;
				DEBUG_INFORMATION_FORMAT = "dwarf-with-dsym";
				ENABLE_NS_ASSERTIONS = NO;
				ENABLE_STRICT_OBJC_MSGSEND = YES;
				GCC_C_LANGUAGE_STANDARD = gnu11;
				GCC_NO_COMMON_BLOCKS = YES;
				GCC_WARN_64_TO_32_BIT_CONVERSION = YES;
				GCC_WARN_ABOUT_RETURN_TYPE = YES_ERROR;
				GCC_WARN_UNDECLARED_SELECTOR = YES;
				GCC_WARN_UNINITIALIZED_AUTOS = YES_AGGRESSIVE;
				GCC_WARN_UNUSED_FUNCTION = YES;
				GCC_WARN_UNUSED_VARIABLE = YES;
				IPHONEOS_DEPLOYMENT_TARGET = 12.1;
				MTL_ENABLE_DEBUG_INFO = NO;
				MTL_FAST_MATH = YES;
				SDKROOT = iphoneos;
				SWIFT_COMPILATION_MODE = wholemodule;
				SWIFT_OPTIMIZATION_LEVEL = "-O";
				VALIDATE_PRODUCT = YES;
			};
			name = Release;
		};
		A743CBAC223C244400CA88BD /* Debug */ = {
			isa = XCBuildConfiguration;
			baseConfigurationReference = 0349CE352C744AB7821DC89C /* Pods-Duit.debug.xcconfig */;
			buildSettings = {
				ASSETCATALOG_COMPILER_APPICON_NAME = AppIcon;
				CODE_SIGN_STYLE = Automatic;
				DEVELOPMENT_TEAM = 7ATMN9RZPD;
				INFOPLIST_FILE = Duit/Info.plist;
				LD_RUNPATH_SEARCH_PATHS = (
					"$(inherited)",
					"@executable_path/Frameworks",
				);
				PRODUCT_BUNDLE_IDENTIFIER = com.leonardogrinn.Duit;
				PRODUCT_NAME = "$(TARGET_NAME)";
				SWIFT_VERSION = 4.2;
				TARGETED_DEVICE_FAMILY = "1,2";
			};
			name = Debug;
		};
		A743CBAD223C244400CA88BD /* Release */ = {
			isa = XCBuildConfiguration;
			baseConfigurationReference = AFF609586E35091486DE6327 /* Pods-Duit.release.xcconfig */;
			buildSettings = {
				ASSETCATALOG_COMPILER_APPICON_NAME = AppIcon;
				CODE_SIGN_STYLE = Automatic;
				DEVELOPMENT_TEAM = 7ATMN9RZPD;
				INFOPLIST_FILE = Duit/Info.plist;
				LD_RUNPATH_SEARCH_PATHS = (
					"$(inherited)",
					"@executable_path/Frameworks",
				);
				PRODUCT_BUNDLE_IDENTIFIER = com.leonardogrinn.Duit;
				PRODUCT_NAME = "$(TARGET_NAME)";
				SWIFT_VERSION = 4.2;
				TARGETED_DEVICE_FAMILY = "1,2";
			};
			name = Release;
		};
/* End XCBuildConfiguration section */

/* Begin XCConfigurationList section */
		A743CB94223C244300CA88BD /* Build configuration list for PBXProject "Duit" */ = {
			isa = XCConfigurationList;
			buildConfigurations = (
				A743CBA9223C244400CA88BD /* Debug */,
				A743CBAA223C244400CA88BD /* Release */,
			);
			defaultConfigurationIsVisible = 0;
			defaultConfigurationName = Release;
		};
		A743CBAB223C244400CA88BD /* Build configuration list for PBXNativeTarget "Duit" */ = {
			isa = XCConfigurationList;
			buildConfigurations = (
				A743CBAC223C244400CA88BD /* Debug */,
				A743CBAD223C244400CA88BD /* Release */,
			);
			defaultConfigurationIsVisible = 0;
			defaultConfigurationName = Release;
		};
/* End XCConfigurationList section */

/* Begin XCVersionGroup section */
		A73ED558224840BF007CD69E /* DataModel.xcdatamodeld */ = {
			isa = XCVersionGroup;
			children = (
				A73ED559224840BF007CD69E /* DataModel.xcdatamodel */,
			);
			currentVersion = A73ED559224840BF007CD69E /* DataModel.xcdatamodel */;
			path = DataModel.xcdatamodeld;
			sourceTree = "<group>";
			versionGroupType = wrapper.xcdatamodel;
		};
/* End XCVersionGroup section */
	};
	rootObject = A743CB91223C244300CA88BD /* Project object */;
}
